
Microsoft Visual Studio Solution File, Format Version 12.00
# Visual Studio 15
VisualStudioVersion = 15.0.28307.902
MinimumVisualStudioVersion = 10.0.40219.1
Project("{FAE04EC0-301F-11D3-BF4B-00C04F79EFBC}") = "Day1", "ConsoleApp1\Day1.csproj", "{5393850F-3888-4A08-8033-CED530DEC8B3}"
EndProject
Project("{FAE04EC0-301F-11D3-BF4B-00C04F79EFBC}") = "Day2", "Day2\Day2.csproj", "{11B8FE59-2584-41B6-9A3F-5D8A201EF025}"
EndProject
Project("{FAE04EC0-301F-11D3-BF4B-00C04F79EFBC}") = "Day3", "Day3\Day3.csproj", "{5153B285-8C72-49D8-81FA-4835B91B0DEC}"
EndProject
Project("{FAE04EC0-301F-11D3-BF4B-00C04F79EFBC}") = "Day11", "Day11\Day11.csproj", "{D67A1A24-D044-49FB-8AD5-E2C48AB3B493}"
EndProject
Project("{FAE04EC0-301F-11D3-BF4B-00C04F79EFBC}") = "IntCode", "IntCode\IntCode.csproj", "{7D32092C-902E-44F0-99D2-0326A7D65848}"
EndProject
Project("{FAE04EC0-301F-11D3-BF4B-00C04F79EFBC}") = "Day5", "Day5\Day5.csproj", "{93A3372C-1679-4C27-BF3E-EB6EB50D39BF}"
EndProject
Global
	GlobalSection(SolutionConfigurationPlatforms) = preSolution
		Debug|Any CPU = Debug|Any CPU
		Release|Any CPU = Release|Any CPU
	EndGlobalSection
	GlobalSection(ProjectConfigurationPlatforms) = postSolution
		{5393850F-3888-4A08-8033-CED530DEC8B3}.Debug|Any CPU.ActiveCfg = Debug|Any CPU
		{5393850F-3888-4A08-8033-CED530DEC8B3}.Debug|Any CPU.Build.0 = Debug|Any CPU
		{5393850F-3888-4A08-8033-CED530DEC8B3}.Release|Any CPU.ActiveCfg = Release|Any CPU
		{5393850F-3888-4A08-8033-CED530DEC8B3}.Release|Any CPU.Build.0 = Release|Any CPU
		{11B8FE59-2584-41B6-9A3F-5D8A201EF025}.Debug|Any CPU.ActiveCfg = Debug|Any CPU
		{11B8FE59-2584-41B6-9A3F-5D8A201EF025}.Debug|Any CPU.Build.0 = Debug|Any CPU
		{11B8FE59-2584-41B6-9A3F-5D8A201EF025}.Release|Any CPU.ActiveCfg = Release|Any CPU
		{11B8FE59-2584-41B6-9A3F-5D8A201EF025}.Release|Any CPU.Build.0 = Release|Any CPU
		{5153B285-8C72-49D8-81FA-4835B91B0DEC}.Debug|Any CPU.ActiveCfg = Debug|Any CPU
		{5153B285-8C72-49D8-81FA-4835B91B0DEC}.Debug|Any CPU.Build.0 = Debug|Any CPU
		{5153B285-8C72-49D8-81FA-4835B91B0DEC}.Release|Any CPU.ActiveCfg = Release|Any CPU
		{5153B285-8C72-49D8-81FA-4835B91B0DEC}.Release|Any CPU.Build.0 = Release|Any CPU
		{D67A1A24-D044-49FB-8AD5-E2C48AB3B493}.Debug|Any CPU.ActiveCfg = Debug|Any CPU
		{D67A1A24-D044-49FB-8AD5-E2C48AB3B493}.Debug|Any CPU.Build.0 = Debug|Any CPU
		{D67A1A24-D044-49FB-8AD5-E2C48AB3B493}.Release|Any CPU.ActiveCfg = Release|Any CPU
		{D67A1A24-D044-49FB-8AD5-E2C48AB3B493}.Release|Any CPU.Build.0 = Release|Any CPU
		{7D32092C-902E-44F0-99D2-0326A7D65848}.Debug|Any CPU.ActiveCfg = Debug|Any CPU
		{7D32092C-902E-44F0-99D2-0326A7D65848}.Debug|Any CPU.Build.0 = Debug|Any CPU
		{7D32092C-902E-44F0-99D2-0326A7D65848}.Release|Any CPU.ActiveCfg = Release|Any CPU
		{7D32092C-902E-44F0-99D2-0326A7D65848}.Release|Any CPU.Build.0 = Release|Any CPU
		{93A3372C-1679-4C27-BF3E-EB6EB50D39BF}.Debug|Any CPU.ActiveCfg = Debug|Any CPU
		{93A3372C-1679-4C27-BF3E-EB6EB50D39BF}.Debug|Any CPU.Build.0 = Debug|Any CPU
		{93A3372C-1679-4C27-BF3E-EB6EB50D39BF}.Release|Any CPU.ActiveCfg = Release|Any CPU
		{93A3372C-1679-4C27-BF3E-EB6EB50D39BF}.Release|Any CPU.Build.0 = Release|Any CPU
	EndGlobalSection
	GlobalSection(SolutionProperties) = preSolution
		HideSolutionNode = FALSE
	EndGlobalSection
	GlobalSection(ExtensibilityGlobals) = postSolution
		SolutionGuid = {3E1FFBD0-6D8B-42C2-84F3-79CDB42AC415}
	EndGlobalSection
EndGlobal
